
Microsoft Visual Studio Solution File, Format Version 11.00
# Visual Studio 2010
Project("{FAE04EC0-301F-11D3-BF4B-00C04F79EFBC}") = "Unity3D-Multiplayer-Game-UNet", "Assembly-CSharp-firstpass.csproj", "{3DDD93DA-0972-0F87-BFFC-1968BD2ADE9F}"
EndProject
Project("{FAE04EC0-301F-11D3-BF4B-00C04F79EFBC}") = "Unity3D-Multiplayer-Game-UNet", "Assembly-CSharp.csproj", "{18F486AA-DEF1-7553-4DF4-CC609F912A26}"
EndProject
Project("{FAE04EC0-301F-11D3-BF4B-00C04F79EFBC}") = "Unity3D-Multiplayer-Game-UNet", "Assembly-CSharp-Editor-firstpass.csproj", "{36652E69-0E20-A667-AA6E-86915DAC881D}"
EndProject
Global
	GlobalSection(SolutionConfigurationPlatforms) = preSolution
		Debug|Any CPU = Debug|Any CPU
		Release|Any CPU = Release|Any CPU
	EndGlobalSection
	GlobalSection(ProjectConfigurationPlatforms) = postSolution
		{3DDD93DA-0972-0F87-BFFC-1968BD2ADE9F}.Debug|Any CPU.ActiveCfg = Debug|Any CPU
		{3DDD93DA-0972-0F87-BFFC-1968BD2ADE9F}.Debug|Any CPU.Build.0 = Debug|Any CPU
		{3DDD93DA-0972-0F87-BFFC-1968BD2ADE9F}.Release|Any CPU.ActiveCfg = Release|Any CPU
		{3DDD93DA-0972-0F87-BFFC-1968BD2ADE9F}.Release|Any CPU.Build.0 = Release|Any CPU
		{18F486AA-DEF1-7553-4DF4-CC609F912A26}.Debug|Any CPU.ActiveCfg = Debug|Any CPU
		{18F486AA-DEF1-7553-4DF4-CC609F912A26}.Debug|Any CPU.Build.0 = Debug|Any CPU
		{18F486AA-DEF1-7553-4DF4-CC609F912A26}.Release|Any CPU.ActiveCfg = Release|Any CPU
		{18F486AA-DEF1-7553-4DF4-CC609F912A26}.Release|Any CPU.Build.0 = Release|Any CPU
		{36652E69-0E20-A667-AA6E-86915DAC881D}.Debug|Any CPU.ActiveCfg = Debug|Any CPU
		{36652E69-0E20-A667-AA6E-86915DAC881D}.Debug|Any CPU.Build.0 = Debug|Any CPU
		{36652E69-0E20-A667-AA6E-86915DAC881D}.Release|Any CPU.ActiveCfg = Release|Any CPU
		{36652E69-0E20-A667-AA6E-86915DAC881D}.Release|Any CPU.Build.0 = Release|Any CPU
	EndGlobalSection
	GlobalSection(SolutionProperties) = preSolution
		HideSolutionNode = FALSE
	EndGlobalSection
	GlobalSection(MonoDevelopProperties) = preSolution
		StartupItem = Assembly-CSharp.csproj
	EndGlobalSection
EndGlobal
